
Microsoft Visual Studio Solution File, Format Version 12.00
# Visual Studio Version 16
VisualStudioVersion = 16.0.29324.140
MinimumVisualStudioVersion = 10.0.40219.1
Project("{FAE04EC0-301F-11D3-BF4B-00C04F79EFBC}") = "Features.WEB.Infra", "Features.WEB.Infra\Features.WEB.Infra.csproj", "{A46221BA-9797-4646-BECF-BCE2BE3642A3}"
EndProject
Project("{2150E333-8FDC-42A3-9474-1A3956D46DE8}") = "Solution Items", "Solution Items", "{FC88BEEA-84DD-489E-A34D-1BD0D463542D}"
EndProject
Global
	GlobalSection(SolutionConfigurationPlatforms) = preSolution
		Debug|Any CPU = Debug|Any CPU
		Debug|x64 = Debug|x64
		Release|Any CPU = Release|Any CPU
		Release|x64 = Release|x64
	EndGlobalSection
	GlobalSection(ProjectConfigurationPlatforms) = postSolution
		{A46221BA-9797-4646-BECF-BCE2BE3642A3}.Debug|Any CPU.ActiveCfg = Debug|Any CPU
		{A46221BA-9797-4646-BECF-BCE2BE3642A3}.Debug|Any CPU.Build.0 = Debug|Any CPU
		{A46221BA-9797-4646-BECF-BCE2BE3642A3}.Debug|x64.ActiveCfg = Debug|x64
		{A46221BA-9797-4646-BECF-BCE2BE3642A3}.Debug|x64.Build.0 = Debug|x64
		{A46221BA-9797-4646-BECF-BCE2BE3642A3}.Release|Any CPU.ActiveCfg = Release|Any CPU
		{A46221BA-9797-4646-BECF-BCE2BE3642A3}.Release|Any CPU.Build.0 = Release|Any CPU
		{A46221BA-9797-4646-BECF-BCE2BE3642A3}.Release|x64.ActiveCfg = Release|x64
		{A46221BA-9797-4646-BECF-BCE2BE3642A3}.Release|x64.Build.0 = Release|x64
	EndGlobalSection
	GlobalSection(SolutionProperties) = preSolution
		HideSolutionNode = FALSE
	EndGlobalSection
	GlobalSection(ExtensibilityGlobals) = postSolution
		SolutionGuid = {B0516B68-DD58-4E53-9BE1-36BB5A73AB77}
	EndGlobalSection
EndGlobal
